{
  "name": "humanify-test",
  "version": "1.0.0",
  "lockfileVersion": 3,
  "requires": true,
  "packages": {
    "": {
      "name": "humanify-test",
      "version": "1.0.0",
      "license": "ISC",
      "dependencies": {
        "bmap-draw": "^1.0.30"
      }
    },
    "node_modules/bmap-draw": {
      "version": "1.0.30",
      "resolved": "https://registry.npmmirror.com/bmap-draw/-/bmap-draw-1.0.30.tgz",
      "integrity": "sha512-EtcpcAtN4GVWs5jr0PHfe1laA2miH/ZKnCFZe0k2PfLdVmYB1YPi680JdyGZ0UunzopbcwMBwAXTd9ZIoXsKVA=="
    }
  }
}
